
Microsoft Visual Studio Solution File, Format Version 11.00
# Visual Studio 2010
Project("{FAE04EC0-301F-11D3-BF4B-00C04F79EFBC}") = "Gibbed.Bioware.FileFormats", "projects\Gibbed.Bioware.FileFormats\Gibbed.Bioware.FileFormats.csproj", "{08BE5895-CE01-473F-B8CC-F6924D1926D2}"
EndProject
Project("{FAE04EC0-301F-11D3-BF4B-00C04F79EFBC}") = "Gibbed.Bioware.ErfViewer", "projects\Gibbed.Bioware.ErfViewer\Gibbed.Bioware.ErfViewer.csproj", "{5560FC12-3DBF-4220-9865-E802D267CF37}"
EndProject
Project("{FAE04EC0-301F-11D3-BF4B-00C04F79EFBC}") = "Gibbed.Bioware.TlkDowngrade", "projects\Gibbed.Bioware.TlkDowngrade\Gibbed.Bioware.TlkDowngrade.csproj", "{1C9EC2BB-5F2C-4D8F-BFDA-8536C40354DC}"
EndProject
Project("{FAE04EC0-301F-11D3-BF4B-00C04F79EFBC}") = "Gibbed.Bioware.GdaDecompile", "projects\Gibbed.Bioware.GdaDecompile\Gibbed.Bioware.GdaDecompile.csproj", "{53944C88-1DC6-4AED-A1E7-156557E110F5}"
EndProject
Project("{2150E333-8FDC-42A3-9474-1A3956D46DE8}") = "Tools", "Tools", "{64407066-FAA1-49E3-900B-10F05A30FDE0}"
EndProject
Project("{2150E333-8FDC-42A3-9474-1A3956D46DE8}") = "Formats", "Formats", "{FAFCCEEF-54A9-41DD-8907-F6A8C44F3FA2}"
EndProject
Project("{2150E333-8FDC-42A3-9474-1A3956D46DE8}") = "Misc", "Misc", "{453E236A-6E65-415D-A9A1-CBA88D327FB7}"
EndProject
Project("{FAE04EC0-301F-11D3-BF4B-00C04F79EFBC}") = "RebuildFileLists", "projects\RebuildFileLists\RebuildFileLists.csproj", "{9F3D6028-F2A6-415B-99EE-CD969421808F}"
EndProject
Project("{FAE04EC0-301F-11D3-BF4B-00C04F79EFBC}") = "Gibbed.Bioware.ErfPack", "projects\Gibbed.Bioware.ErfPack\Gibbed.Bioware.ErfPack.csproj", "{3E798036-CA22-4F7E-8564-01F9D4A909CE}"
EndProject
Project("{FAE04EC0-301F-11D3-BF4B-00C04F79EFBC}") = "RebuildColumnLists", "projects\RebuildColumnLists\RebuildColumnLists.csproj", "{91A375B5-5DE9-4786-8234-BACECD9ACB72}"
EndProject
Project("{FAE04EC0-301F-11D3-BF4B-00C04F79EFBC}") = "Gibbed.IO", "projects\Gibbed.IO\Gibbed.IO.csproj", "{047857BA-DAA3-4CA7-AFB8-A1B082B28C6A}"
EndProject
Project("{FAE04EC0-301F-11D3-BF4B-00C04F79EFBC}") = "NDesk.Options", "projects\NDesk.Options\NDesk.Options.csproj", "{C98A6CD6-9422-4B35-8B7A-F520D75534D1}"
EndProject
Project("{FAE04EC0-301F-11D3-BF4B-00C04F79EFBC}") = "Gibbed.ProjectData", "projects\Gibbed.ProjectData\Gibbed.ProjectData.csproj", "{F27A289E-3376-4653-89F3-D19C1ECABF33}"
EndProject
Project("{FAE04EC0-301F-11D3-BF4B-00C04F79EFBC}") = "Gibbed.Bioware.ProjectData", "projects\Gibbed.Bioware.ProjectData\Gibbed.Bioware.ProjectData.csproj", "{137EF52A-5B2F-49D0-ADD2-ECB5808A32F0}"
EndProject
Global
	GlobalSection(SolutionConfigurationPlatforms) = preSolution
		Debug|Any CPU = Debug|Any CPU
		Debug|Mixed Platforms = Debug|Mixed Platforms
		Debug|x86 = Debug|x86
		Release|Any CPU = Release|Any CPU
		Release|Mixed Platforms = Release|Mixed Platforms
		Release|x86 = Release|x86
	EndGlobalSection
	GlobalSection(ProjectConfigurationPlatforms) = postSolution
		{08BE5895-CE01-473F-B8CC-F6924D1926D2}.Debug|Any CPU.ActiveCfg = Debug|Any CPU
		{08BE5895-CE01-473F-B8CC-F6924D1926D2}.Debug|Any CPU.Build.0 = Debug|Any CPU
		{08BE5895-CE01-473F-B8CC-F6924D1926D2}.Debug|Mixed Platforms.ActiveCfg = Debug|Any CPU
		{08BE5895-CE01-473F-B8CC-F6924D1926D2}.Debug|Mixed Platforms.Build.0 = Debug|Any CPU
		{08BE5895-CE01-473F-B8CC-F6924D1926D2}.Debug|x86.ActiveCfg = Debug|Any CPU
		{08BE5895-CE01-473F-B8CC-F6924D1926D2}.Release|Any CPU.ActiveCfg = Release|Any CPU
		{08BE5895-CE01-473F-B8CC-F6924D1926D2}.Release|Any CPU.Build.0 = Release|Any CPU
		{08BE5895-CE01-473F-B8CC-F6924D1926D2}.Release|Mixed Platforms.ActiveCfg = Release|Any CPU
		{08BE5895-CE01-473F-B8CC-F6924D1926D2}.Release|Mixed Platforms.Build.0 = Release|Any CPU
		{08BE5895-CE01-473F-B8CC-F6924D1926D2}.Release|x86.ActiveCfg = Release|Any CPU
		{5560FC12-3DBF-4220-9865-E802D267CF37}.Debug|Any CPU.ActiveCfg = Debug|x86
		{5560FC12-3DBF-4220-9865-E802D267CF37}.Debug|Mixed Platforms.ActiveCfg = Debug|x86
		{5560FC12-3DBF-4220-9865-E802D267CF37}.Debug|Mixed Platforms.Build.0 = Debug|x86
		{5560FC12-3DBF-4220-9865-E802D267CF37}.Debug|x86.ActiveCfg = Debug|x86
		{5560FC12-3DBF-4220-9865-E802D267CF37}.Debug|x86.Build.0 = Debug|x86
		{5560FC12-3DBF-4220-9865-E802D267CF37}.Release|Any CPU.ActiveCfg = Release|x86
		{5560FC12-3DBF-4220-9865-E802D267CF37}.Release|Mixed Platforms.ActiveCfg = Release|x86
		{5560FC12-3DBF-4220-9865-E802D267CF37}.Release|Mixed Platforms.Build.0 = Release|x86
		{5560FC12-3DBF-4220-9865-E802D267CF37}.Release|x86.ActiveCfg = Release|x86
		{5560FC12-3DBF-4220-9865-E802D267CF37}.Release|x86.Build.0 = Release|x86
		{1C9EC2BB-5F2C-4D8F-BFDA-8536C40354DC}.Debug|Any CPU.ActiveCfg = Debug|x86
		{1C9EC2BB-5F2C-4D8F-BFDA-8536C40354DC}.Debug|Mixed Platforms.ActiveCfg = Debug|x86
		{1C9EC2BB-5F2C-4D8F-BFDA-8536C40354DC}.Debug|Mixed Platforms.Build.0 = Debug|x86
		{1C9EC2BB-5F2C-4D8F-BFDA-8536C40354DC}.Debug|x86.ActiveCfg = Debug|x86
		{1C9EC2BB-5F2C-4D8F-BFDA-8536C40354DC}.Debug|x86.Build.0 = Debug|x86
		{1C9EC2BB-5F2C-4D8F-BFDA-8536C40354DC}.Release|Any CPU.ActiveCfg = Release|x86
		{1C9EC2BB-5F2C-4D8F-BFDA-8536C40354DC}.Release|Mixed Platforms.ActiveCfg = Release|x86
		{1C9EC2BB-5F2C-4D8F-BFDA-8536C40354DC}.Release|Mixed Platforms.Build.0 = Release|x86
		{1C9EC2BB-5F2C-4D8F-BFDA-8536C40354DC}.Release|x86.ActiveCfg = Release|x86
		{1C9EC2BB-5F2C-4D8F-BFDA-8536C40354DC}.Release|x86.Build.0 = Release|x86
		{53944C88-1DC6-4AED-A1E7-156557E110F5}.Debug|Any CPU.ActiveCfg = Debug|x86
		{53944C88-1DC6-4AED-A1E7-156557E110F5}.Debug|Mixed Platforms.ActiveCfg = Debug|x86
		{53944C88-1DC6-4AED-A1E7-156557E110F5}.Debug|Mixed Platforms.Build.0 = Debug|x86
		{53944C88-1DC6-4AED-A1E7-156557E110F5}.Debug|x86.ActiveCfg = Debug|x86
		{53944C88-1DC6-4AED-A1E7-156557E110F5}.Debug|x86.Build.0 = Debug|x86
		{53944C88-1DC6-4AED-A1E7-156557E110F5}.Release|Any CPU.ActiveCfg = Release|x86
		{53944C88-1DC6-4AED-A1E7-156557E110F5}.Release|Mixed Platforms.ActiveCfg = Release|x86
		{53944C88-1DC6-4AED-A1E7-156557E110F5}.Release|Mixed Platforms.Build.0 = Release|x86
		{53944C88-1DC6-4AED-A1E7-156557E110F5}.Release|x86.ActiveCfg = Release|x86
		{53944C88-1DC6-4AED-A1E7-156557E110F5}.Release|x86.Build.0 = Release|x86
		{9F3D6028-F2A6-415B-99EE-CD969421808F}.Debug|Any CPU.ActiveCfg = Debug|x86
		{9F3D6028-F2A6-415B-99EE-CD969421808F}.Debug|Mixed Platforms.ActiveCfg = Debug|x86
		{9F3D6028-F2A6-415B-99EE-CD969421808F}.Debug|Mixed Platforms.Build.0 = Debug|x86
		{9F3D6028-F2A6-415B-99EE-CD969421808F}.Debug|x86.ActiveCfg = Debug|x86
		{9F3D6028-F2A6-415B-99EE-CD969421808F}.Debug|x86.Build.0 = Debug|x86
		{9F3D6028-F2A6-415B-99EE-CD969421808F}.Release|Any CPU.ActiveCfg = Release|x86
		{9F3D6028-F2A6-415B-99EE-CD969421808F}.Release|Mixed Platforms.ActiveCfg = Release|x86
		{9F3D6028-F2A6-415B-99EE-CD969421808F}.Release|Mixed Platforms.Build.0 = Release|x86
		{9F3D6028-F2A6-415B-99EE-CD969421808F}.Release|x86.ActiveCfg = Release|x86
		{9F3D6028-F2A6-415B-99EE-CD969421808F}.Release|x86.Build.0 = Release|x86
		{3E798036-CA22-4F7E-8564-01F9D4A909CE}.Debug|Any CPU.ActiveCfg = Debug|x86
		{3E798036-CA22-4F7E-8564-01F9D4A909CE}.Debug|Mixed Platforms.ActiveCfg = Debug|x86
		{3E798036-CA22-4F7E-8564-01F9D4A909CE}.Debug|Mixed Platforms.Build.0 = Debug|x86
		{3E798036-CA22-4F7E-8564-01F9D4A909CE}.Debug|x86.ActiveCfg = Debug|x86
		{3E798036-CA22-4F7E-8564-01F9D4A909CE}.Debug|x86.Build.0 = Debug|x86
		{3E798036-CA22-4F7E-8564-01F9D4A909CE}.Release|Any CPU.ActiveCfg = Release|x86
		{3E798036-CA22-4F7E-8564-01F9D4A909CE}.Release|Mixed Platforms.ActiveCfg = Release|x86
		{3E798036-CA22-4F7E-8564-01F9D4A909CE}.Release|Mixed Platforms.Build.0 = Release|x86
		{3E798036-CA22-4F7E-8564-01F9D4A909CE}.Release|x86.ActiveCfg = Release|x86
		{3E798036-CA22-4F7E-8564-01F9D4A909CE}.Release|x86.Build.0 = Release|x86
		{91A375B5-5DE9-4786-8234-BACECD9ACB72}.Debug|Any CPU.ActiveCfg = Debug|x86
		{91A375B5-5DE9-4786-8234-BACECD9ACB72}.Debug|Mixed Platforms.ActiveCfg = Debug|x86
		{91A375B5-5DE9-4786-8234-BACECD9ACB72}.Debug|Mixed Platforms.Build.0 = Debug|x86
		{91A375B5-5DE9-4786-8234-BACECD9ACB72}.Debug|x86.ActiveCfg = Debug|x86
		{91A375B5-5DE9-4786-8234-BACECD9ACB72}.Debug|x86.Build.0 = Debug|x86
		{91A375B5-5DE9-4786-8234-BACECD9ACB72}.Release|Any CPU.ActiveCfg = Release|x86
		{91A375B5-5DE9-4786-8234-BACECD9ACB72}.Release|Mixed Platforms.ActiveCfg = Release|x86
		{91A375B5-5DE9-4786-8234-BACECD9ACB72}.Release|Mixed Platforms.Build.0 = Release|x86
		{91A375B5-5DE9-4786-8234-BACECD9ACB72}.Release|x86.ActiveCfg = Release|x86
		{91A375B5-5DE9-4786-8234-BACECD9ACB72}.Release|x86.Build.0 = Release|x86
		{047857BA-DAA3-4CA7-AFB8-A1B082B28C6A}.Debug|Any CPU.ActiveCfg = Debug|Any CPU
		{047857BA-DAA3-4CA7-AFB8-A1B082B28C6A}.Debug|Any CPU.Build.0 = Debug|Any CPU
		{047857BA-DAA3-4CA7-AFB8-A1B082B28C6A}.Debug|Mixed Platforms.ActiveCfg = Debug|Any CPU
		{047857BA-DAA3-4CA7-AFB8-A1B082B28C6A}.Debug|Mixed Platforms.Build.0 = Debug|Any CPU
		{047857BA-DAA3-4CA7-AFB8-A1B082B28C6A}.Debug|x86.ActiveCfg = Debug|Any CPU
		{047857BA-DAA3-4CA7-AFB8-A1B082B28C6A}.Release|Any CPU.ActiveCfg = Release|Any CPU
		{047857BA-DAA3-4CA7-AFB8-A1B082B28C6A}.Release|Any CPU.Build.0 = Release|Any CPU
		{047857BA-DAA3-4CA7-AFB8-A1B082B28C6A}.Release|Mixed Platforms.ActiveCfg = Release|Any CPU
		{047857BA-DAA3-4CA7-AFB8-A1B082B28C6A}.Release|Mixed Platforms.Build.0 = Release|Any CPU
		{047857BA-DAA3-4CA7-AFB8-A1B082B28C6A}.Release|x86.ActiveCfg = Release|Any CPU
		{C98A6CD6-9422-4B35-8B7A-F520D75534D1}.Debug|Any CPU.ActiveCfg = Debug|Any CPU
		{C98A6CD6-9422-4B35-8B7A-F520D75534D1}.Debug|Any CPU.Build.0 = Debug|Any CPU
		{C98A6CD6-9422-4B35-8B7A-F520D75534D1}.Debug|Mixed Platforms.ActiveCfg = Debug|Any CPU
		{C98A6CD6-9422-4B35-8B7A-F520D75534D1}.Debug|Mixed Platforms.Build.0 = Debug|Any CPU
		{C98A6CD6-9422-4B35-8B7A-F520D75534D1}.Debug|x86.ActiveCfg = Debug|Any CPU
		{C98A6CD6-9422-4B35-8B7A-F520D75534D1}.Release|Any CPU.ActiveCfg = Release|Any CPU
		{C98A6CD6-9422-4B35-8B7A-F520D75534D1}.Release|Any CPU.Build.0 = Release|Any CPU
		{C98A6CD6-9422-4B35-8B7A-F520D75534D1}.Release|Mixed Platforms.ActiveCfg = Release|Any CPU
		{C98A6CD6-9422-4B35-8B7A-F520D75534D1}.Release|Mixed Platforms.Build.0 = Release|Any CPU
		{C98A6CD6-9422-4B35-8B7A-F520D75534D1}.Release|x86.ActiveCfg = Release|Any CPU
		{F27A289E-3376-4653-89F3-D19C1ECABF33}.Debug|Any CPU.ActiveCfg = Debug|Any CPU
		{F27A289E-3376-4653-89F3-D19C1ECABF33}.Debug|Any CPU.Build.0 = Debug|Any CPU
		{F27A289E-3376-4653-89F3-D19C1ECABF33}.Debug|Mixed Platforms.ActiveCfg = Debug|Any CPU
		{F27A289E-3376-4653-89F3-D19C1ECABF33}.Debug|Mixed Platforms.Build.0 = Debug|Any CPU
		{F27A289E-3376-4653-89F3-D19C1ECABF33}.Debug|x86.ActiveCfg = Debug|Any CPU
		{F27A289E-3376-4653-89F3-D19C1ECABF33}.Release|Any CPU.ActiveCfg = Release|Any CPU
		{F27A289E-3376-4653-89F3-D19C1ECABF33}.Release|Any CPU.Build.0 = Release|Any CPU
		{F27A289E-3376-4653-89F3-D19C1ECABF33}.Release|Mixed Platforms.ActiveCfg = Release|Any CPU
		{F27A289E-3376-4653-89F3-D19C1ECABF33}.Release|Mixed Platforms.Build.0 = Release|Any CPU
		{F27A289E-3376-4653-89F3-D19C1ECABF33}.Release|x86.ActiveCfg = Release|Any CPU
		{137EF52A-5B2F-49D0-ADD2-ECB5808A32F0}.Debug|Any CPU.ActiveCfg = Debug|Any CPU
		{137EF52A-5B2F-49D0-ADD2-ECB5808A32F0}.Debug|Any CPU.Build.0 = Debug|Any CPU
		{137EF52A-5B2F-49D0-ADD2-ECB5808A32F0}.Debug|Mixed Platforms.ActiveCfg = Debug|Any CPU
		{137EF52A-5B2F-49D0-ADD2-ECB5808A32F0}.Debug|Mixed Platforms.Build.0 = Debug|Any CPU
		{137EF52A-5B2F-49D0-ADD2-ECB5808A32F0}.Debug|x86.ActiveCfg = Debug|Any CPU
		{137EF52A-5B2F-49D0-ADD2-ECB5808A32F0}.Release|Any CPU.ActiveCfg = Release|Any CPU
		{137EF52A-5B2F-49D0-ADD2-ECB5808A32F0}.Release|Any CPU.Build.0 = Release|Any CPU
		{137EF52A-5B2F-49D0-ADD2-ECB5808A32F0}.Release|Mixed Platforms.ActiveCfg = Release|Any CPU
		{137EF52A-5B2F-49D0-ADD2-ECB5808A32F0}.Release|Mixed Platforms.Build.0 = Release|Any CPU
		{137EF52A-5B2F-49D0-ADD2-ECB5808A32F0}.Release|x86.ActiveCfg = Release|Any CPU
	EndGlobalSection
	GlobalSection(SolutionProperties) = preSolution
		HideSolutionNode = FALSE
	EndGlobalSection
	GlobalSection(NestedProjects) = preSolution
		{08BE5895-CE01-473F-B8CC-F6924D1926D2} = {FAFCCEEF-54A9-41DD-8907-F6A8C44F3FA2}
		{137EF52A-5B2F-49D0-ADD2-ECB5808A32F0} = {FAFCCEEF-54A9-41DD-8907-F6A8C44F3FA2}
		{1C9EC2BB-5F2C-4D8F-BFDA-8536C40354DC} = {64407066-FAA1-49E3-900B-10F05A30FDE0}
		{53944C88-1DC6-4AED-A1E7-156557E110F5} = {64407066-FAA1-49E3-900B-10F05A30FDE0}
		{5560FC12-3DBF-4220-9865-E802D267CF37} = {64407066-FAA1-49E3-900B-10F05A30FDE0}
		{9F3D6028-F2A6-415B-99EE-CD969421808F} = {64407066-FAA1-49E3-900B-10F05A30FDE0}
		{3E798036-CA22-4F7E-8564-01F9D4A909CE} = {64407066-FAA1-49E3-900B-10F05A30FDE0}
		{91A375B5-5DE9-4786-8234-BACECD9ACB72} = {64407066-FAA1-49E3-900B-10F05A30FDE0}
		{047857BA-DAA3-4CA7-AFB8-A1B082B28C6A} = {453E236A-6E65-415D-A9A1-CBA88D327FB7}
		{C98A6CD6-9422-4B35-8B7A-F520D75534D1} = {453E236A-6E65-415D-A9A1-CBA88D327FB7}
		{F27A289E-3376-4653-89F3-D19C1ECABF33} = {453E236A-6E65-415D-A9A1-CBA88D327FB7}
	EndGlobalSection
EndGlobal
